// !$*UTF8*$!
{
	archiveVersion = 1;
	classes = {
	};
	objectVersion = 56;
	objects = {

/* Begin PBXBuildFile section */
		DB0182352BF50817006676E4 /* Favorite_SportApp.swift in Sources */ = {isa = PBXBuildFile; fileRef = DB0182342BF50817006676E4 /* Favorite_SportApp.swift */; };
		DB0182372BF50817006676E4 /* ContentView.swift in Sources */ = {isa = PBXBuildFile; fileRef = DB0182362BF50817006676E4 /* ContentView.swift */; };
		DB0182392BF50818006676E4 /* Assets.xcassets in Resources */ = {isa = PBXBuildFile; fileRef = DB0182382BF50818006676E4 /* Assets.xcassets */; };
		DB01823C2BF50818006676E4 /* Preview Assets.xcassets in Resources */ = {isa = PBXBuildFile; fileRef = DB01823B2BF50818006676E4 /* Preview Assets.xcassets */; };
		DB0182462BF50819006676E4 /* Favorite_SportTests.swift in Sources */ = {isa = PBXBuildFile; fileRef = DB0182452BF50819006676E4 /* Favorite_SportTests.swift */; };
		DB0182502BF50819006676E4 /* Favorite_SportUITests.swift in Sources */ = {isa = PBXBuildFile; fileRef = DB01824F2BF50819006676E4 /* Favorite_SportUITests.swift */; };
		DB0182522BF50819006676E4 /* Favorite_SportUITestsLaunchTests.swift in Sources */ = {isa = PBXBuildFile; fileRef = DB0182512BF50819006676E4 /* Favorite_SportUITestsLaunchTests.swift */; };
/* End PBXBuildFile section */

/* Begin PBXContainerItemProxy section */
		DB0182422BF50819006676E4 /* PBXContainerItemProxy */ = {
			isa = PBXContainerItemProxy;
			containerPortal = DB0182292BF50817006676E4 /* Project object */;
			proxyType = 1;
			remoteGlobalIDString = DB0182302BF50817006676E4;
			remoteInfo = "Favorite Sport";
		};
		DB01824C2BF50819006676E4 /* PBXContainerItemProxy */ = {
			isa = PBXContainerItemProxy;
			containerPortal = DB0182292BF50817006676E4 /* Project object */;
			proxyType = 1;
			remoteGlobalIDString = DB0182302BF50817006676E4;
			remoteInfo = "Favorite Sport";
		};
/* End PBXContainerItemProxy section */

/* Begin PBXFileReference section */
		DB0182312BF50817006676E4 /* Favorite Sport.app */ = {isa = PBXFileReference; explicitFileType = wrapper.application; includeInIndex = 0; path = "Favorite Sport.app"; sourceTree = BUILT_PRODUCTS_DIR; };
		DB0182342BF50817006676E4 /* Favorite_SportApp.swift */ = {isa = PBXFileReference; lastKnownFileType = sourcecode.swift; path = Favorite_SportApp.swift; sourceTree = "<group>"; };
		DB0182362BF50817006676E4 /* ContentView.swift */ = {isa = PBXFileReference; lastKnownFileType = sourcecode.swift; path = ContentView.swift; sourceTree = "<group>"; };
		DB0182382BF50818006676E4 /* Assets.xcassets */ = {isa = PBXFileReference; lastKnownFileType = folder.assetcatalog; path = Assets.xcassets; sourceTree = "<group>"; };
		DB01823B2BF50818006676E4 /* Preview Assets.xcassets */ = {isa = PBXFileReference; lastKnownFileType = folder.assetcatalog; path = "Preview Assets.xcassets"; sourceTree = "<group>"; };
		DB0182412BF50819006676E4 /* Favorite SportTests.xctest */ = {isa = PBXFileReference; explicitFileType = wrapper.cfbundle; includeInIndex = 0; path = "Favorite SportTests.xctest"; sourceTree = BUILT_PRODUCTS_DIR; };
		DB0182452BF50819006676E4 /* Favorite_SportTests.swift */ = {isa = PBXFileReference; lastKnownFileType = sourcecode.swift; path = Favorite_SportTests.swift; sourceTree = "<group>"; };
		DB01824B2BF50819006676E4 /* Favorite SportUITests.xctest */ = {isa = PBXFileReference; explicitFileType = wrapper.cfbundle; includeInIndex = 0; path = "Favorite SportUITests.xctest"; sourceTree = BUILT_PRODUCTS_DIR; };
		DB01824F2BF50819006676E4 /* Favorite_SportUITests.swift */ = {isa = PBXFileReference; lastKnownFileType = sourcecode.swift; path = Favorite_SportUITests.swift; sourceTree = "<group>"; };
		DB0182512BF50819006676E4 /* Favorite_SportUITestsLaunchTests.swift */ = {isa = PBXFileReference; lastKnownFileType = sourcecode.swift; path = Favorite_SportUITestsLaunchTests.swift; sourceTree = "<group>"; };
/* End PBXFileReference section */

/* Begin PBXFrameworksBuildPhase section */
		DB01822E2BF50817006676E4 /* Frameworks */ = {
			isa = PBXFrameworksBuildPhase;
			buildActionMask = 2147483647;
			files = (
			);
			runOnlyForDeploymentPostprocessing = 0;
		};
		DB01823E2BF50819006676E4 /* Frameworks */ = {
			isa = PBXFrameworksBuildPhase;
			buildActionMask = 2147483647;
			files = (
			);
			runOnlyForDeploymentPostprocessing = 0;
		};
		DB0182482BF50819006676E4 /* Frameworks */ = {
			isa = PBXFrameworksBuildPhase;
			buildActionMask = 2147483647;
			files = (
			);
			runOnlyForDeploymentPostprocessing = 0;
		};
/* End PBXFrameworksBuildPhase section */

/* Begin PBXGroup section */
		DB0182282BF50817006676E4 = {
			isa = PBXGroup;
			children = (
				DB0182332BF50817006676E4 /* Favorite Sport */,
				DB0182442BF50819006676E4 /* Favorite SportTests */,
				DB01824E2BF50819006676E4 /* Favorite SportUITests */,
				DB0182322BF50817006676E4 /* Products */,
			);
			sourceTree = "<group>";
		};
		DB0182322BF50817006676E4 /* Products */ = {
			isa = PBXGroup;
			children = (
				DB0182312BF50817006676E4 /* Favorite Sport.app */,
				DB0182412BF50819006676E4 /* Favorite SportTests.xctest */,
				DB01824B2BF50819006676E4 /* Favorite SportUITests.xctest */,
			);
			name = Products;
			sourceTree = "<group>";
		};
		DB0182332BF50817006676E4 /* Favorite Sport */ = {
			isa = PBXGroup;
			children = (
				DB0182342BF50817006676E4 /* Favorite_SportApp.swift */,
				DB0182362BF50817006676E4 /* ContentView.swift */,
				DB0182382BF50818006676E4 /* Assets.xcassets */,
				DB01823A2BF50818006676E4 /* Preview Content */,
			);
			path = "Favorite Sport";
			sourceTree = "<group>";
		};
		DB01823A2BF50818006676E4 /* Preview Content */ = {
			isa = PBXGroup;
			children = (
				DB01823B2BF50818006676E4 /* Preview Assets.xcassets */,
			);
			path = "Preview Content";
			sourceTree = "<group>";
		};
		DB0182442BF50819006676E4 /* Favorite SportTests */ = {
			isa = PBXGroup;
			children = (
				DB0182452BF50819006676E4 /* Favorite_SportTests.swift */,
			);
			path = "Favorite SportTests";
			sourceTree = "<group>";
		};
		DB01824E2BF50819006676E4 /* Favorite SportUITests */ = {
			isa = PBXGroup;
			children = (
				DB01824F2BF50819006676E4 /* Favorite_SportUITests.swift */,
				DB0182512BF50819006676E4 /* Favorite_SportUITestsLaunchTests.swift */,
			);
			path = "Favorite SportUITests";
			sourceTree = "<group>";
		};
/* End PBXGroup section */

/* Begin PBXNativeTarget section */
		DB0182302BF50817006676E4 /* Favorite Sport */ = {
			isa = PBXNativeTarget;
			buildConfigurationList = DB0182552BF50819006676E4 /* Build configuration list for PBXNativeTarget "Favorite Sport" */;
			buildPhases = (
				DB01822D2BF50817006676E4 /* Sources */,
				DB01822E2BF50817006676E4 /* Frameworks */,
				DB01822F2BF50817006676E4 /* Resources */,
			);
			buildRules = (
			);
			dependencies = (
			);
			name = "Favorite Sport";
			productName = "Favorite Sport";
			productReference = DB0182312BF50817006676E4 /* Favorite Sport.app */;
			productType = "com.apple.product-type.application";
		};
		DB0182402BF50819006676E4 /* Favorite SportTests */ = {
			isa = PBXNativeTarget;
			buildConfigurationList = DB0182582BF50819006676E4 /* Build configuration list for PBXNativeTarget "Favorite SportTests" */;
			buildPhases = (
				DB01823D2BF50819006676E4 /* Sources */,
				DB01823E2BF50819006676E4 /* Frameworks */,
				DB01823F2BF50819006676E4 /* Resources */,
			);
			buildRules = (
			);
			dependencies = (
				DB0182432BF50819006676E4 /* PBXTargetDependency */,
			);
			name = "Favorite SportTests";
			productName = "Favorite SportTests";
			productReference = DB0182412BF50819006676E4 /* Favorite SportTests.xctest */;
			productType = "com.apple.product-type.bundle.unit-test";
		};
		DB01824A2BF50819006676E4 /* Favorite SportUITests */ = {
			isa = PBXNativeTarget;
			buildConfigurationList = DB01825B2BF50819006676E4 /* Build configuration list for PBXNativeTarget "Favorite SportUITests" */;
			buildPhases = (
				DB0182472BF50819006676E4 /* Sources */,
				DB0182482BF50819006676E4 /* Frameworks */,
				DB0182492BF50819006676E4 /* Resources */,
			);
			buildRules = (
			);
			dependencies = (
				DB01824D2BF50819006676E4 /* PBXTargetDependency */,
			);
			name = "Favorite SportUITests";
			productName = "Favorite SportUITests";
			productReference = DB01824B2BF50819006676E4 /* Favorite SportUITests.xctest */;
			productType = "com.apple.product-type.bundle.ui-testing";
		};
/* End PBXNativeTarget section */

/* Begin PBXProject section */
		DB0182292BF50817006676E4 /* Project object */ = {
			isa = PBXProject;
			attributes = {
				BuildIndependentTargetsInParallel = 1;
				LastSwiftUpdateCheck = 1540;
				LastUpgradeCheck = 1540;
				TargetAttributes = {
					DB0182302BF50817006676E4 = {
						CreatedOnToolsVersion = 15.4;
					};
					DB0182402BF50819006676E4 = {
						CreatedOnToolsVersion = 15.4;
						TestTargetID = DB0182302BF50817006676E4;
					};
					DB01824A2BF50819006676E4 = {
						CreatedOnToolsVersion = 15.4;
						TestTargetID = DB0182302BF50817006676E4;
					};
				};
			};
			buildConfigurationList = DB01822C2BF50817006676E4 /* Build configuration list for PBXProject "Favorite Sport" */;
			compatibilityVersion = "Xcode 14.0";
			developmentRegion = en;
			hasScannedForEncodings = 0;
			knownRegions = (
				en,
				Base,
			);
			mainGroup = DB0182282BF50817006676E4;
			productRefGroup = DB0182322BF50817006676E4 /* Products */;
			projectDirPath = "";
			projectRoot = "";
			targets = (
				DB0182302BF50817006676E4 /* Favorite Sport */,
				DB0182402BF50819006676E4 /* Favorite SportTests */,
				DB01824A2BF50819006676E4 /* Favorite SportUITests */,
			);
		};
/* End PBXProject section */

/* Begin PBXResourcesBuildPhase section */
		DB01822F2BF50817006676E4 /* Resources */ = {
			isa = PBXResourcesBuildPhase;
			buildActionMask = 2147483647;
			files = (
				DB01823C2BF50818006676E4 /* Preview Assets.xcassets in Resources */,
				DB0182392BF50818006676E4 /* Assets.xcassets in Resources */,
			);
			runOnlyForDeploymentPostprocessing = 0;
		};
		DB01823F2BF50819006676E4 /* Resources */ = {
			isa = PBXResourcesBuildPhase;
			buildActionMask = 2147483647;
			files = (
			);
			runOnlyForDeploymentPostprocessing = 0;
		};
		DB0182492BF50819006676E4 /* Resources */ = {
			isa = PBXResourcesBuildPhase;
			buildActionMask = 2147483647;
			files = (
			);
			runOnlyForDeploymentPostprocessing = 0;
		};
/* End PBXResourcesBuildPhase section */

/* Begin PBXSourcesBuildPhase section */
		DB01822D2BF50817006676E4 /* Sources */ = {
			isa = PBXSourcesBuildPhase;
			buildActionMask = 2147483647;
			files = (
				DB0182372BF50817006676E4 /* ContentView.swift in Sources */,
				DB0182352BF50817006676E4 /* Favorite_SportApp.swift in Sources */,
			);
			runOnlyForDeploymentPostprocessing = 0;
		};
		DB01823D2BF50819006676E4 /* Sources */ = {
			isa = PBXSourcesBuildPhase;
			buildActionMask = 2147483647;
			files = (
				DB0182462BF50819006676E4 /* Favorite_SportTests.swift in Sources */,
			);
			runOnlyForDeploymentPostprocessing = 0;
		};
		DB0182472BF50819006676E4 /* Sources */ = {
			isa = PBXSourcesBuildPhase;
			buildActionMask = 2147483647;
			files = (
				DB0182502BF50819006676E4 /* Favorite_SportUITests.swift in Sources */,
				DB0182522BF50819006676E4 /* Favorite_SportUITestsLaunchTests.swift in Sources */,
			);
			runOnlyForDeploymentPostprocessing = 0;
		};
/* End PBXSourcesBuildPhase section */

/* Begin PBXTargetDependency section */
		DB0182432BF50819006676E4 /* PBXTargetDependency */ = {
			isa = PBXTargetDependency;
			target = DB0182302BF50817006676E4 /* Favorite Sport */;
			targetProxy = DB0182422BF50819006676E4 /* PBXContainerItemProxy */;
		};
		DB01824D2BF50819006676E4 /* PBXTargetDependency */ = {
			isa = PBXTargetDependency;
			target = DB0182302BF50817006676E4 /* Favorite Sport */;
			targetProxy = DB01824C2BF50819006676E4 /* PBXContainerItemProxy */;
		};
/* End PBXTargetDependency section */

/* Begin XCBuildConfiguration section */
		DB0182532BF50819006676E4 /* Debug */ = {
			isa = XCBuildConfiguration;
			buildSettings = {
				ALWAYS_SEARCH_USER_PATHS = NO;
				ASSETCATALOG_COMPILER_GENERATE_SWIFT_ASSET_SYMBOL_EXTENSIONS = YES;
				CLANG_ANALYZER_NONNULL = YES;
				CLANG_ANALYZER_NUMBER_OBJECT_CONVERSION = YES_AGGRESSIVE;
				CLANG_CXX_LANGUAGE_STANDARD = "gnu++20";
				CLANG_ENABLE_MODULES = YES;
				CLANG_ENABLE_OBJC_ARC = YES;
				CLANG_ENABLE_OBJC_WEAK = YES;
				CLANG_WARN_BLOCK_CAPTURE_AUTORELEASING = YES;
				CLANG_WARN_BOOL_CONVERSION = YES;
				CLANG_WARN_COMMA = YES;
				CLANG_WARN_CONSTANT_CONVERSION = YES;
				CLANG_WARN_DEPRECATED_OBJC_IMPLEMENTATIONS = YES;
				CLANG_WARN_DIRECT_OBJC_ISA_USAGE = YES_ERROR;
				CLANG_WARN_DOCUMENTATION_COMMENTS = YES;
				CLANG_WARN_EMPTY_BODY = YES;
				CLANG_WARN_ENUM_CONVERSION = YES;
				CLANG_WARN_INFINITE_RECURSION = YES;
				CLANG_WARN_INT_CONVERSION = YES;
				CLANG_WARN_NON_LITERAL_NULL_CONVERSION = YES;
				CLANG_WARN_OBJC_IMPLICIT_RETAIN_SELF = YES;
				CLANG_WARN_OBJC_LITERAL_CONVERSION = YES;
				CLANG_WARN_OBJC_ROOT_CLASS = YES_ERROR;
				CLANG_WARN_QUOTED_INCLUDE_IN_FRAMEWORK_HEADER = YES;
				CLANG_WARN_RANGE_LOOP_ANALYSIS = YES;
				CLANG_WARN_STRICT_PROTOTYPES = YES;
				CLANG_WARN_SUSPICIOUS_MOVE = YES;
				CLANG_WARN_UNGUARDED_AVAILABILITY = YES_AGGRESSIVE;
				CLANG_WARN_UNREACHABLE_CODE = YES;
				CLANG_WARN__DUPLICATE_METHOD_MATCH = YES;
				COPY_PHASE_STRIP = NO;
				DEBUG_INFORMATION_FORMAT = dwarf;
				ENABLE_STRICT_OBJC_MSGSEND = YES;
				ENABLE_TESTABILITY = YES;
				ENABLE_USER_SCRIPT_SANDBOXING = YES;
				GCC_C_LANGUAGE_STANDARD = gnu17;
				GCC_DYNAMIC_NO_PIC = NO;
				GCC_NO_COMMON_BLOCKS = YES;
				GCC_OPTIMIZATION_LEVEL = 0;
				GCC_PREPROCESSOR_DEFINITIONS = (
					"DEBUG=1",
					"$(inherited)",
				);
				GCC_WARN_64_TO_32_BIT_CONVERSION = YES;
				GCC_WARN_ABOUT_RETURN_TYPE = YES_ERROR;
				GCC_WARN_UNDECLARED_SELECTOR = YES;
				GCC_WARN_UNINITIALIZED_AUTOS = YES_AGGRESSIVE;
				GCC_WARN_UNUSED_FUNCTION = YES;
				GCC_WARN_UNUSED_VARIABLE = YES;
				IPHONEOS_DEPLOYMENT_TARGET = 17.5;
				LOCALIZATION_PREFERS_STRING_CATALOGS = YES;
				MTL_ENABLE_DEBUG_INFO = INCLUDE_SOURCE;
				MTL_FAST_MATH = YES;
				ONLY_ACTIVE_ARCH = YES;
				SDKROOT = iphoneos;
				SWIFT_ACTIVE_COMPILATION_CONDITIONS = "DEBUG $(inherited)";
				SWIFT_OPTIMIZATION_LEVEL = "-Onone";
			};
			name = Debug;
		};
		DB0182542BF50819006676E4 /* Release */ = {
			isa = XCBuildConfiguration;
			buildSettings = {
				ALWAYS_SEARCH_USER_PATHS = NO;
				ASSETCATALOG_COMPILER_GENERATE_SWIFT_ASSET_SYMBOL_EXTENSIONS = YES;
				CLANG_ANALYZER_NONNULL = YES;
				CLANG_ANALYZER_NUMBER_OBJECT_CONVERSION = YES_AGGRESSIVE;
				CLANG_CXX_LANGUAGE_STANDARD = "gnu++20";
				CLANG_ENABLE_MODULES = YES;
				CLANG_ENABLE_OBJC_ARC = YES;
				CLANG_ENABLE_OBJC_WEAK = YES;
				CLANG_WARN_BLOCK_CAPTURE_AUTORELEASING = YES;
				CLANG_WARN_BOOL_CONVERSION = YES;
				CLANG_WARN_COMMA = YES;
				CLANG_WARN_CONSTANT_CONVERSION = YES;
				CLANG_WARN_DEPRECATED_OBJC_IMPLEMENTATIONS = YES;
				CLANG_WARN_DIRECT_OBJC_ISA_USAGE = YES_ERROR;
				CLANG_WARN_DOCUMENTATION_COMMENTS = YES;
				CLANG_WARN_EMPTY_BODY = YES;
				CLANG_WARN_ENUM_CONVERSION = YES;
				CLANG_WARN_INFINITE_RECURSION = YES;
				CLANG_WARN_INT_CONVERSION = YES;
				CLANG_WARN_NON_LITERAL_NULL_CONVERSION = YES;
				CLANG_WARN_OBJC_IMPLICIT_RETAIN_SELF = YES;
				CLANG_WARN_OBJC_LITERAL_CONVERSION = YES;
				CLANG_WARN_OBJC_ROOT_CLASS = YES_ERROR;
				CLANG_WARN_QUOTED_INCLUDE_IN_FRAMEWORK_HEADER = YES;
				CLANG_WARN_RANGE_LOOP_ANALYSIS = YES;
				CLANG_WARN_STRICT_PROTOTYPES = YES;
				CLANG_WARN_SUSPICIOUS_MOVE = YES;
				CLANG_WARN_UNGUARDED_AVAILABILITY = YES_AGGRESSIVE;
				CLANG_WARN_UNREACHABLE_CODE = YES;
				CLANG_WARN__DUPLICATE_METHOD_MATCH = YES;
				COPY_PHASE_STRIP = NO;
				DEBUG_INFORMATION_FORMAT = "dwarf-with-dsym";
				ENABLE_NS_ASSERTIONS = NO;
				ENABLE_STRICT_OBJC_MSGSEND = YES;
				ENABLE_USER_SCRIPT_SANDBOXING = YES;
				GCC_C_LANGUAGE_STANDARD = gnu17;
				GCC_NO_COMMON_BLOCKS = YES;
				GCC_WARN_64_TO_32_BIT_CONVERSION = YES;
				GCC_WARN_ABOUT_RETURN_TYPE = YES_ERROR;
				GCC_WARN_UNDECLARED_SELECTOR = YES;
				GCC_WARN_UNINITIALIZED_AUTOS = YES_AGGRESSIVE;
				GCC_WARN_UNUSED_FUNCTION = YES;
				GCC_WARN_UNUSED_VARIABLE = YES;
				IPHONEOS_DEPLOYMENT_TARGET = 17.5;
				LOCALIZATION_PREFERS_STRING_CATALOGS = YES;
				MTL_ENABLE_DEBUG_INFO = NO;
				MTL_FAST_MATH = YES;
				SDKROOT = iphoneos;
				SWIFT_COMPILATION_MODE = wholemodule;
				VALIDATE_PRODUCT = YES;
			};
			name = Release;
		};
		DB0182562BF50819006676E4 /* Debug */ = {
			isa = XCBuildConfiguration;
			buildSettings = {
				ASSETCATALOG_COMPILER_APPICON_NAME = AppIcon;
				ASSETCATALOG_COMPILER_GLOBAL_ACCENT_COLOR_NAME = AccentColor;
				CODE_SIGN_STYLE = Automatic;
				CURRENT_PROJECT_VERSION = 1;
				DEVELOPMENT_ASSET_PATHS = "\"Favorite Sport/Preview Content\"";
				DEVELOPMENT_TEAM = ZQ9LR78J46;
				ENABLE_PREVIEWS = YES;
				GENERATE_INFOPLIST_FILE = YES;
				INFOPLIST_KEY_UIApplicationSceneManifest_Generation = YES;
				INFOPLIST_KEY_UIApplicationSupportsIndirectInputEvents = YES;
				INFOPLIST_KEY_UILaunchScreen_Generation = YES;
				INFOPLIST_KEY_UISupportedInterfaceOrientations_iPad = "UIInterfaceOrientationPortrait UIInterfaceOrientationPortraitUpsideDown UIInterfaceOrientationLandscapeLeft UIInterfaceOrientationLandscapeRight";
				INFOPLIST_KEY_UISupportedInterfaceOrientations_iPhone = "UIInterfaceOrientationPortrait UIInterfaceOrientationLandscapeLeft UIInterfaceOrientationLandscapeRight";
				LD_RUNPATH_SEARCH_PATHS = (
					"$(inherited)",
					"@executable_path/Frameworks",
				);
				MARKETING_VERSION = 1.0;
				PRODUCT_BUNDLE_IDENTIFIER = "com.Cesar.Favorite-Sport";
				PRODUCT_NAME = "$(TARGET_NAME)";
				SWIFT_EMIT_LOC_STRINGS = YES;
				SWIFT_VERSION = 5.0;
				TARGETED_DEVICE_FAMILY = "1,2";
			};
			name = Debug;
		};
		DB0182572BF50819006676E4 /* Release */ = {
			isa = XCBuildConfiguration;
			buildSettings = {
				ASSETCATALOG_COMPILER_APPICON_NAME = AppIcon;
				ASSETCATALOG_COMPILER_GLOBAL_ACCENT_COLOR_NAME = AccentColor;
				CODE_SIGN_STYLE = Automatic;
				CURRENT_PROJECT_VERSION = 1;
				DEVELOPMENT_ASSET_PATHS = "\"Favorite Sport/Preview Content\"";
				DEVELOPMENT_TEAM = ZQ9LR78J46;
				ENABLE_PREVIEWS = YES;
				GENERATE_INFOPLIST_FILE = YES;
				INFOPLIST_KEY_UIApplicationSceneManifest_Generation = YES;
				INFOPLIST_KEY_UIApplicationSupportsIndirectInputEvents = YES;
				INFOPLIST_KEY_UILaunchScreen_Generation = YES;
				INFOPLIST_KEY_UISupportedInterfaceOrientations_iPad = "UIInterfaceOrientationPortrait UIInterfaceOrientationPortraitUpsideDown UIInterfaceOrientationLandscapeLeft UIInterfaceOrientationLandscapeRight";
				INFOPLIST_KEY_UISupportedInterfaceOrientations_iPhone = "UIInterfaceOrientationPortrait UIInterfaceOrientationLandscapeLeft UIInterfaceOrientationLandscapeRight";
				LD_RUNPATH_SEARCH_PATHS = (
					"$(inherited)",
					"@executable_path/Frameworks",
				);
				MARKETING_VERSION = 1.0;
				PRODUCT_BUNDLE_IDENTIFIER = "com.Cesar.Favorite-Sport";
				PRODUCT_NAME = "$(TARGET_NAME)";
				SWIFT_EMIT_LOC_STRINGS = YES;
				SWIFT_VERSION = 5.0;
				TARGETED_DEVICE_FAMILY = "1,2";
			};
			name = Release;
		};
		DB0182592BF50819006676E4 /* Debug */ = {
			isa = XCBuildConfiguration;
			buildSettings = {
				ALWAYS_EMBED_SWIFT_STANDARD_LIBRARIES = YES;
				BUNDLE_LOADER = "$(TEST_HOST)";
				CODE_SIGN_STYLE = Automatic;
				CURRENT_PROJECT_VERSION = 1;
				DEVELOPMENT_TEAM = ZQ9LR78J46;
				GENERATE_INFOPLIST_FILE = YES;
				IPHONEOS_DEPLOYMENT_TARGET = 17.5;
				MARKETING_VERSION = 1.0;
				PRODUCT_BUNDLE_IDENTIFIER = "com.Cesar.Favorite-SportTests";
				PRODUCT_NAME = "$(TARGET_NAME)";
				SWIFT_EMIT_LOC_STRINGS = NO;
				SWIFT_VERSION = 5.0;
				TARGETED_DEVICE_FAMILY = "1,2";
				TEST_HOST = "$(BUILT_PRODUCTS_DIR)/Favorite Sport.app/$(BUNDLE_EXECUTABLE_FOLDER_PATH)/Favorite Sport";
			};
			name = Debug;
		};
		DB01825A2BF50819006676E4 /* Release */ = {
			isa = XCBuildConfiguration;
			buildSettings = {
				ALWAYS_EMBED_SWIFT_STANDARD_LIBRARIES = YES;
				BUNDLE_LOADER = "$(TEST_HOST)";
				CODE_SIGN_STYLE = Automatic;
				CURRENT_PROJECT_VERSION = 1;
				DEVELOPMENT_TEAM = ZQ9LR78J46;
				GENERATE_INFOPLIST_FILE = YES;
				IPHONEOS_DEPLOYMENT_TARGET = 17.5;
				MARKETING_VERSION = 1.0;
				PRODUCT_BUNDLE_IDENTIFIER = "com.Cesar.Favorite-SportTests";
				PRODUCT_NAME = "$(TARGET_NAME)";
				SWIFT_EMIT_LOC_STRINGS = NO;
				SWIFT_VERSION = 5.0;
				TARGETED_DEVICE_FAMILY = "1,2";
				TEST_HOST = "$(BUILT_PRODUCTS_DIR)/Favorite Sport.app/$(BUNDLE_EXECUTABLE_FOLDER_PATH)/Favorite Sport";
			};
			name = Release;
		};
		DB01825C2BF50819006676E4 /* Debug */ = {
			isa = XCBuildConfiguration;
			buildSettings = {
				ALWAYS_EMBED_SWIFT_STANDARD_LIBRARIES = YES;
				CODE_SIGN_STYLE = Automatic;
				CURRENT_PROJECT_VERSION = 1;
				DEVELOPMENT_TEAM = ZQ9LR78J46;
				GENERATE_INFOPLIST_FILE = YES;
				MARKETING_VERSION = 1.0;
				PRODUCT_BUNDLE_IDENTIFIER = "com.Cesar.Favorite-SportUITests";
				PRODUCT_NAME = "$(TARGET_NAME)";
				SWIFT_EMIT_LOC_STRINGS = NO;
				SWIFT_VERSION = 5.0;
				TARGETED_DEVICE_FAMILY = "1,2";
				TEST_TARGET_NAME = "Favorite Sport";
			};
			name = Debug;
		};
		DB01825D2BF50819006676E4 /* Release */ = {
			isa = XCBuildConfiguration;
			buildSettings = {
				ALWAYS_EMBED_SWIFT_STANDARD_LIBRARIES = YES;
				CODE_SIGN_STYLE = Automatic;
				CURRENT_PROJECT_VERSION = 1;
				DEVELOPMENT_TEAM = ZQ9LR78J46;
				GENERATE_INFOPLIST_FILE = YES;
				MARKETING_VERSION = 1.0;
				PRODUCT_BUNDLE_IDENTIFIER = "com.Cesar.Favorite-SportUITests";
				PRODUCT_NAME = "$(TARGET_NAME)";
				SWIFT_EMIT_LOC_STRINGS = NO;
				SWIFT_VERSION = 5.0;
				TARGETED_DEVICE_FAMILY = "1,2";
				TEST_TARGET_NAME = "Favorite Sport";
			};
			name = Release;
		};
/* End XCBuildConfiguration section */

/* Begin XCConfigurationList section */
		DB01822C2BF50817006676E4 /* Build configuration list for PBXProject "Favorite Sport" */ = {
			isa = XCConfigurationList;
			buildConfigurations = (
				DB0182532BF50819006676E4 /* Debug */,
				DB0182542BF50819006676E4 /* Release */,
			);
			defaultConfigurationIsVisible = 0;
			defaultConfigurationName = Release;
		};
		DB0182552BF50819006676E4 /* Build configuration list for PBXNativeTarget "Favorite Sport" */ = {
			isa = XCConfigurationList;
			buildConfigurations = (
				DB0182562BF50819006676E4 /* Debug */,
				DB0182572BF50819006676E4 /* Release */,
			);
			defaultConfigurationIsVisible = 0;
			defaultConfigurationName = Release;
		};
		DB0182582BF50819006676E4 /* Build configuration list for PBXNativeTarget "Favorite SportTests" */ = {
			isa = XCConfigurationList;
			buildConfigurations = (
				DB0182592BF50819006676E4 /* Debug */,
				DB01825A2BF50819006676E4 /* Release */,
			);
			defaultConfigurationIsVisible = 0;
			defaultConfigurationName = Release;
		};
		DB01825B2BF50819006676E4 /* Build configuration list for PBXNativeTarget "Favorite SportUITests" */ = {
			isa = XCConfigurationList;
			buildConfigurations = (
				DB01825C2BF50819006676E4 /* Debug */,
				DB01825D2BF50819006676E4 /* Release */,
			);
			defaultConfigurationIsVisible = 0;
			defaultConfigurationName = Release;
		};
/* End XCConfigurationList section */
	};
	rootObject = DB0182292BF50817006676E4 /* Project object */;
}
